// !$*UTF8*$!
{
	archiveVersion = 1;
	classes = {
	};
	objectVersion = 56;
	objects = {

/* Begin PBXBuildFile section */
		4627318B2A306C0500B43A15 /* GeneratedView.swift in Sources */ = {isa = PBXBuildFile; fileRef = 462731892A306C0500B43A15 /* GeneratedView.swift */; };
		462731912A30739400B43A15 /* SummaryModel.swift in Sources */ = {isa = PBXBuildFile; fileRef = 462731902A30739400B43A15 /* SummaryModel.swift */; };
		463F5F702A315BE600B77900 /* SpotifyVerify.swift in Sources */ = {isa = PBXBuildFile; fileRef = 463F5F6F2A315BE600B77900 /* SpotifyVerify.swift */; };
		463F5F722A315C0200B77900 /* GoogleService-Info.plist in Resources */ = {isa = PBXBuildFile; fileRef = 463F5F712A315C0200B77900 /* GoogleService-Info.plist */; };
		463F5F752A315C3600B77900 /* SpotifyAPI in Frameworks */ = {isa = PBXBuildFile; productRef = 463F5F742A315C3600B77900 /* SpotifyAPI */; };
		463F5F772A31611E00B77900 /* DALLEGenerate.swift in Sources */ = {isa = PBXBuildFile; fileRef = 463F5F762A31611E00B77900 /* DALLEGenerate.swift */; };
		464379F42A29B6D10009C0D7 /* MUSAICApp.swift in Sources */ = {isa = PBXBuildFile; fileRef = 464379F32A29B6D10009C0D7 /* MUSAICApp.swift */; };
		46437A232A29BF280009C0D7 /* FirebaseAnalytics in Frameworks */ = {isa = PBXBuildFile; productRef = 46437A222A29BF280009C0D7 /* FirebaseAnalytics */; };
		46437A252A29BF280009C0D7 /* FirebaseAnalyticsOnDeviceConversion in Frameworks */ = {isa = PBXBuildFile; productRef = 46437A242A29BF280009C0D7 /* FirebaseAnalyticsOnDeviceConversion */; };
		46437A272A29BF280009C0D7 /* FirebaseAnalyticsSwift in Frameworks */ = {isa = PBXBuildFile; productRef = 46437A262A29BF280009C0D7 /* FirebaseAnalyticsSwift */; };
		46437A292A29BF280009C0D7 /* FirebaseAnalyticsWithoutAdIdSupport in Frameworks */ = {isa = PBXBuildFile; productRef = 46437A282A29BF280009C0D7 /* FirebaseAnalyticsWithoutAdIdSupport */; };
		46437A2B2A29BF280009C0D7 /* FirebaseAppCheck in Frameworks */ = {isa = PBXBuildFile; productRef = 46437A2A2A29BF280009C0D7 /* FirebaseAppCheck */; };
		46437A2D2A29BF280009C0D7 /* FirebaseAppDistribution-Beta in Frameworks */ = {isa = PBXBuildFile; productRef = 46437A2C2A29BF280009C0D7 /* FirebaseAppDistribution-Beta */; };
		46437A2F2A29BF280009C0D7 /* FirebaseAuth in Frameworks */ = {isa = PBXBuildFile; productRef = 46437A2E2A29BF280009C0D7 /* FirebaseAuth */; };
		46437A312A29BF280009C0D7 /* FirebaseAuthCombine-Community in Frameworks */ = {isa = PBXBuildFile; productRef = 46437A302A29BF280009C0D7 /* FirebaseAuthCombine-Community */; };
		46437A332A29BF280009C0D7 /* FirebaseCrashlytics in Frameworks */ = {isa = PBXBuildFile; productRef = 46437A322A29BF280009C0D7 /* FirebaseCrashlytics */; };
		46437A352A29BF280009C0D7 /* FirebaseDatabase in Frameworks */ = {isa = PBXBuildFile; productRef = 46437A342A29BF280009C0D7 /* FirebaseDatabase */; };
		46437A372A29BF280009C0D7 /* FirebaseDatabaseSwift in Frameworks */ = {isa = PBXBuildFile; productRef = 46437A362A29BF280009C0D7 /* FirebaseDatabaseSwift */; };
		46437A392A29BF280009C0D7 /* FirebaseDynamicLinks in Frameworks */ = {isa = PBXBuildFile; productRef = 46437A382A29BF280009C0D7 /* FirebaseDynamicLinks */; };
		46437A3B2A29BF280009C0D7 /* FirebaseFirestore in Frameworks */ = {isa = PBXBuildFile; productRef = 46437A3A2A29BF280009C0D7 /* FirebaseFirestore */; };
		46437A3D2A29BF280009C0D7 /* FirebaseFirestoreCombine-Community in Frameworks */ = {isa = PBXBuildFile; productRef = 46437A3C2A29BF280009C0D7 /* FirebaseFirestoreCombine-Community */; };
		46437A3F2A29BF280009C0D7 /* FirebaseFirestoreSwift in Frameworks */ = {isa = PBXBuildFile; productRef = 46437A3E2A29BF280009C0D7 /* FirebaseFirestoreSwift */; };
		46437A412A29BF280009C0D7 /* FirebaseFunctions in Frameworks */ = {isa = PBXBuildFile; productRef = 46437A402A29BF280009C0D7 /* FirebaseFunctions */; };
		46437A432A29BF280009C0D7 /* FirebaseFunctionsCombine-Community in Frameworks */ = {isa = PBXBuildFile; productRef = 46437A422A29BF280009C0D7 /* FirebaseFunctionsCombine-Community */; };
		46437A452A29BF280009C0D7 /* FirebaseInAppMessaging-Beta in Frameworks */ = {isa = PBXBuildFile; productRef = 46437A442A29BF280009C0D7 /* FirebaseInAppMessaging-Beta */; };
		46437A472A29BF280009C0D7 /* FirebaseInAppMessagingSwift-Beta in Frameworks */ = {isa = PBXBuildFile; productRef = 46437A462A29BF280009C0D7 /* FirebaseInAppMessagingSwift-Beta */; };
		46437A492A29BF280009C0D7 /* FirebaseInstallations in Frameworks */ = {isa = PBXBuildFile; productRef = 46437A482A29BF280009C0D7 /* FirebaseInstallations */; };
		46437A4B2A29BF280009C0D7 /* FirebaseMLModelDownloader in Frameworks */ = {isa = PBXBuildFile; productRef = 46437A4A2A29BF280009C0D7 /* FirebaseMLModelDownloader */; };
		4652A71F2A3846230045F032 /* Assets.xcassets in Resources */ = {isa = PBXBuildFile; fileRef = 4652A71E2A3846230045F032 /* Assets.xcassets */; };
		466D0B8B2A2EC69A00BB260A /* GPTGenerate.swift in Sources */ = {isa = PBXBuildFile; fileRef = 466D0B8A2A2EC69A00BB260A /* GPTGenerate.swift */; };
		466EF1582A342FBA00B2E5A0 /* Navigation.swift in Sources */ = {isa = PBXBuildFile; fileRef = 466EF14F2A342FB900B2E5A0 /* Navigation.swift */; };
		466EF1592A342FBA00B2E5A0 /* SettingsTab.swift in Sources */ = {isa = PBXBuildFile; fileRef = 466EF1502A342FBA00B2E5A0 /* SettingsTab.swift */; };
		466EF15A2A342FBA00B2E5A0 /* ThoughtsTab.swift in Sources */ = {isa = PBXBuildFile; fileRef = 466EF1512A342FBA00B2E5A0 /* ThoughtsTab.swift */; };
		466EF15D2A342FBA00B2E5A0 /* AlbumTab.swift in Sources */ = {isa = PBXBuildFile; fileRef = 466EF1542A342FBA00B2E5A0 /* AlbumTab.swift */; };
		466EF15E2A342FBA00B2E5A0 /* SpotifySimilar.swift in Sources */ = {isa = PBXBuildFile; fileRef = 466EF1552A342FBA00B2E5A0 /* SpotifySimilar.swift */; };
		466EF1682A344C0D00B2E5A0 /* SignInView.swift in Sources */ = {isa = PBXBuildFile; fileRef = 466EF1672A344C0D00B2E5A0 /* SignInView.swift */; };
		466EF16A2A34952700B2E5A0 /* ContentView.swift in Sources */ = {isa = PBXBuildFile; fileRef = 466EF1692A34952600B2E5A0 /* ContentView.swift */; };
		466EF16D2A3497B900B2E5A0 /* FirebaseStorage in Frameworks */ = {isa = PBXBuildFile; productRef = 466EF16C2A3497B900B2E5A0 /* FirebaseStorage */; };
		466EF16F2A3497B900B2E5A0 /* FirebaseStorageCombine-Community in Frameworks */ = {isa = PBXBuildFile; productRef = 466EF16E2A3497B900B2E5A0 /* FirebaseStorageCombine-Community */; };
/* End PBXBuildFile section */

/* Begin PBXFileReference section */
		462731892A306C0500B43A15 /* GeneratedView.swift */ = {isa = PBXFileReference; fileEncoding = 4; lastKnownFileType = sourcecode.swift; path = GeneratedView.swift; sourceTree = "<group>"; };
		462731902A30739400B43A15 /* SummaryModel.swift */ = {isa = PBXFileReference; lastKnownFileType = sourcecode.swift; path = SummaryModel.swift; sourceTree = "<group>"; };
		463F5F6F2A315BE600B77900 /* SpotifyVerify.swift */ = {isa = PBXFileReference; fileEncoding = 4; lastKnownFileType = sourcecode.swift; path = SpotifyVerify.swift; sourceTree = "<group>"; };
		463F5F712A315C0200B77900 /* GoogleService-Info.plist */ = {isa = PBXFileReference; fileEncoding = 4; lastKnownFileType = text.plist.xml; name = "GoogleService-Info.plist"; path = "../../../Downloads/GoogleService-Info.plist"; sourceTree = "<group>"; };
		463F5F762A31611E00B77900 /* DALLEGenerate.swift */ = {isa = PBXFileReference; lastKnownFileType = sourcecode.swift; path = DALLEGenerate.swift; sourceTree = "<group>"; };
		464379F02A29B6D10009C0D7 /* MUSAIC.app */ = {isa = PBXFileReference; explicitFileType = wrapper.application; includeInIndex = 0; path = MUSAIC.app; sourceTree = BUILT_PRODUCTS_DIR; };
		464379F32A29B6D10009C0D7 /* MUSAICApp.swift */ = {isa = PBXFileReference; lastKnownFileType = sourcecode.swift; path = MUSAICApp.swift; sourceTree = "<group>"; };
		46437A042A29B6D20009C0D7 /* MUSAICTests.swift */ = {isa = PBXFileReference; lastKnownFileType = sourcecode.swift; path = MUSAICTests.swift; sourceTree = "<group>"; };
		46437A0E2A29B6D20009C0D7 /* MUSAICUITests.swift */ = {isa = PBXFileReference; lastKnownFileType = sourcecode.swift; path = MUSAICUITests.swift; sourceTree = "<group>"; };
		46437A102A29B6D20009C0D7 /* MUSAICUITestsLaunchTests.swift */ = {isa = PBXFileReference; lastKnownFileType = sourcecode.swift; path = MUSAICUITestsLaunchTests.swift; sourceTree = "<group>"; };
		4652A71E2A3846230045F032 /* Assets.xcassets */ = {isa = PBXFileReference; lastKnownFileType = folder.assetcatalog; name = Assets.xcassets; path = ../../../Downloads/Assets.xcassets; sourceTree = "<group>"; };
		466D0B8A2A2EC69A00BB260A /* GPTGenerate.swift */ = {isa = PBXFileReference; lastKnownFileType = sourcecode.swift; path = GPTGenerate.swift; sourceTree = "<group>"; };
		466EF14F2A342FB900B2E5A0 /* Navigation.swift */ = {isa = PBXFileReference; fileEncoding = 4; lastKnownFileType = sourcecode.swift; path = Navigation.swift; sourceTree = "<group>"; };
		466EF1502A342FBA00B2E5A0 /* SettingsTab.swift */ = {isa = PBXFileReference; fileEncoding = 4; lastKnownFileType = sourcecode.swift; path = SettingsTab.swift; sourceTree = "<group>"; };
		466EF1512A342FBA00B2E5A0 /* ThoughtsTab.swift */ = {isa = PBXFileReference; fileEncoding = 4; lastKnownFileType = sourcecode.swift; path = ThoughtsTab.swift; sourceTree = "<group>"; };
		466EF1542A342FBA00B2E5A0 /* AlbumTab.swift */ = {isa = PBXFileReference; fileEncoding = 4; lastKnownFileType = sourcecode.swift; path = AlbumTab.swift; sourceTree = "<group>"; };
		466EF1552A342FBA00B2E5A0 /* SpotifySimilar.swift */ = {isa = PBXFileReference; fileEncoding = 4; lastKnownFileType = sourcecode.swift; path = SpotifySimilar.swift; sourceTree = "<group>"; };
		466EF1672A344C0D00B2E5A0 /* SignInView.swift */ = {isa = PBXFileReference; fileEncoding = 4; lastKnownFileType = sourcecode.swift; path = SignInView.swift; sourceTree = "<group>"; };
		466EF1692A34952600B2E5A0 /* ContentView.swift */ = {isa = PBXFileReference; fileEncoding = 4; lastKnownFileType = sourcecode.swift; path = ContentView.swift; sourceTree = "<group>"; };
/* End PBXFileReference section */

/* Begin PBXFrameworksBuildPhase section */
		464379ED2A29B6D10009C0D7 /* Frameworks */ = {
			isa = PBXFrameworksBuildPhase;
			buildActionMask = 2147483647;
			files = (
				46437A352A29BF280009C0D7 /* FirebaseDatabase in Frameworks */,
				46437A432A29BF280009C0D7 /* FirebaseFunctionsCombine-Community in Frameworks */,
				46437A3B2A29BF280009C0D7 /* FirebaseFirestore in Frameworks */,
				46437A272A29BF280009C0D7 /* FirebaseAnalyticsSwift in Frameworks */,
				46437A232A29BF280009C0D7 /* FirebaseAnalytics in Frameworks */,
				46437A252A29BF280009C0D7 /* FirebaseAnalyticsOnDeviceConversion in Frameworks */,
				46437A4B2A29BF280009C0D7 /* FirebaseMLModelDownloader in Frameworks */,
				46437A3F2A29BF280009C0D7 /* FirebaseFirestoreSwift in Frameworks */,
				46437A2B2A29BF280009C0D7 /* FirebaseAppCheck in Frameworks */,
				46437A292A29BF280009C0D7 /* FirebaseAnalyticsWithoutAdIdSupport in Frameworks */,
				466EF16F2A3497B900B2E5A0 /* FirebaseStorageCombine-Community in Frameworks */,
				46437A2F2A29BF280009C0D7 /* FirebaseAuth in Frameworks */,
				466EF16D2A3497B900B2E5A0 /* FirebaseStorage in Frameworks */,
				46437A332A29BF280009C0D7 /* FirebaseCrashlytics in Frameworks */,
				46437A452A29BF280009C0D7 /* FirebaseInAppMessaging-Beta in Frameworks */,
				46437A372A29BF280009C0D7 /* FirebaseDatabaseSwift in Frameworks */,
				46437A412A29BF280009C0D7 /* FirebaseFunctions in Frameworks */,
				46437A2D2A29BF280009C0D7 /* FirebaseAppDistribution-Beta in Frameworks */,
				463F5F752A315C3600B77900 /* SpotifyAPI in Frameworks */,
				46437A312A29BF280009C0D7 /* FirebaseAuthCombine-Community in Frameworks */,
				46437A472A29BF280009C0D7 /* FirebaseInAppMessagingSwift-Beta in Frameworks */,
				46437A392A29BF280009C0D7 /* FirebaseDynamicLinks in Frameworks */,
				46437A3D2A29BF280009C0D7 /* FirebaseFirestoreCombine-Community in Frameworks */,
				46437A492A29BF280009C0D7 /* FirebaseInstallations in Frameworks */,
			);
			runOnlyForDeploymentPostprocessing = 0;
		};
/* End PBXFrameworksBuildPhase section */

/* Begin PBXGroup section */
		464379E72A29B6D10009C0D7 = {
			isa = PBXGroup;
			children = (
				464379F22A29B6D10009C0D7 /* MUSAIC */,
				46437A032A29B6D20009C0D7 /* MUSAICTests */,
				46437A0D2A29B6D20009C0D7 /* MUSAICUITests */,
				464379F12A29B6D10009C0D7 /* Products */,
				466EF16B2A3497B900B2E5A0 /* Frameworks */,
			);
			sourceTree = "<group>";
		};
		464379F12A29B6D10009C0D7 /* Products */ = {
			isa = PBXGroup;
			children = (
				464379F02A29B6D10009C0D7 /* MUSAIC.app */,
			);
			name = Products;
			sourceTree = "<group>";
		};
		464379F22A29B6D10009C0D7 /* MUSAIC */ = {
			isa = PBXGroup;
			children = (
				4652A71E2A3846230045F032 /* Assets.xcassets */,
				466EF1692A34952600B2E5A0 /* ContentView.swift */,
				466EF1672A344C0D00B2E5A0 /* SignInView.swift */,
				466EF1542A342FBA00B2E5A0 /* AlbumTab.swift */,
				466EF14F2A342FB900B2E5A0 /* Navigation.swift */,
				466EF1502A342FBA00B2E5A0 /* SettingsTab.swift */,
				466EF1552A342FBA00B2E5A0 /* SpotifySimilar.swift */,
				466EF1512A342FBA00B2E5A0 /* ThoughtsTab.swift */,
				463F5F6F2A315BE600B77900 /* SpotifyVerify.swift */,
				462731892A306C0500B43A15 /* GeneratedView.swift */,
				462731902A30739400B43A15 /* SummaryModel.swift */,
				463F5F712A315C0200B77900 /* GoogleService-Info.plist */,
				464379F32A29B6D10009C0D7 /* MUSAICApp.swift */,
				466D0B8A2A2EC69A00BB260A /* GPTGenerate.swift */,
				463F5F762A31611E00B77900 /* DALLEGenerate.swift */,
			);
			path = MUSAIC;
			sourceTree = "<group>";
		};
		46437A032A29B6D20009C0D7 /* MUSAICTests */ = {
			isa = PBXGroup;
			children = (
				46437A042A29B6D20009C0D7 /* MUSAICTests.swift */,
			);
			path = MUSAICTests;
			sourceTree = "<group>";
		};
		46437A0D2A29B6D20009C0D7 /* MUSAICUITests */ = {
			isa = PBXGroup;
			children = (
				46437A0E2A29B6D20009C0D7 /* MUSAICUITests.swift */,
				46437A102A29B6D20009C0D7 /* MUSAICUITestsLaunchTests.swift */,
			);
			path = MUSAICUITests;
			sourceTree = "<group>";
		};
		466EF16B2A3497B900B2E5A0 /* Frameworks */ = {
			isa = PBXGroup;
			children = (
			);
			name = Frameworks;
			sourceTree = "<group>";
		};
/* End PBXGroup section */

/* Begin PBXNativeTarget section */
		464379EF2A29B6D10009C0D7 /* MUSAIC */ = {
			isa = PBXNativeTarget;
			buildConfigurationList = 46437A142A29B6D20009C0D7 /* Build configuration list for PBXNativeTarget "MUSAIC" */;
			buildPhases = (
				464379EC2A29B6D10009C0D7 /* Sources */,
				464379ED2A29B6D10009C0D7 /* Frameworks */,
				464379EE2A29B6D10009C0D7 /* Resources */,
			);
			buildRules = (
			);
			dependencies = (
			);
			name = MUSAIC;
			packageProductDependencies = (
				46437A222A29BF280009C0D7 /* FirebaseAnalytics */,
				46437A242A29BF280009C0D7 /* FirebaseAnalyticsOnDeviceConversion */,
				46437A262A29BF280009C0D7 /* FirebaseAnalyticsSwift */,
				46437A282A29BF280009C0D7 /* FirebaseAnalyticsWithoutAdIdSupport */,
				46437A2A2A29BF280009C0D7 /* FirebaseAppCheck */,
				46437A2C2A29BF280009C0D7 /* FirebaseAppDistribution-Beta */,
				46437A2E2A29BF280009C0D7 /* FirebaseAuth */,
				46437A302A29BF280009C0D7 /* FirebaseAuthCombine-Community */,
				46437A322A29BF280009C0D7 /* FirebaseCrashlytics */,
				46437A342A29BF280009C0D7 /* FirebaseDatabase */,
				46437A362A29BF280009C0D7 /* FirebaseDatabaseSwift */,
				46437A382A29BF280009C0D7 /* FirebaseDynamicLinks */,
				46437A3A2A29BF280009C0D7 /* FirebaseFirestore */,
				46437A3C2A29BF280009C0D7 /* FirebaseFirestoreCombine-Community */,
				46437A3E2A29BF280009C0D7 /* FirebaseFirestoreSwift */,
				46437A402A29BF280009C0D7 /* FirebaseFunctions */,
				46437A422A29BF280009C0D7 /* FirebaseFunctionsCombine-Community */,
				46437A442A29BF280009C0D7 /* FirebaseInAppMessaging-Beta */,
				46437A462A29BF280009C0D7 /* FirebaseInAppMessagingSwift-Beta */,
				46437A482A29BF280009C0D7 /* FirebaseInstallations */,
				46437A4A2A29BF280009C0D7 /* FirebaseMLModelDownloader */,
				463F5F742A315C3600B77900 /* SpotifyAPI */,
				466EF16C2A3497B900B2E5A0 /* FirebaseStorage */,
				466EF16E2A3497B900B2E5A0 /* FirebaseStorageCombine-Community */,
			);
			productName = MUSAIC;
			productReference = 464379F02A29B6D10009C0D7 /* MUSAIC.app */;
			productType = "com.apple.product-type.application";
		};
/* End PBXNativeTarget section */

/* Begin PBXProject section */
		464379E82A29B6D10009C0D7 /* Project object */ = {
			isa = PBXProject;
			attributes = {
				BuildIndependentTargetsInParallel = 1;
				LastSwiftUpdateCheck = 1430;
				LastUpgradeCheck = 1430;
				TargetAttributes = {
					464379EF2A29B6D10009C0D7 = {
						CreatedOnToolsVersion = 14.3;
					};
				};
			};
			buildConfigurationList = 464379EB2A29B6D10009C0D7 /* Build configuration list for PBXProject "MUSAIC" */;
			compatibilityVersion = "Xcode 14.0";
			developmentRegion = en;
			hasScannedForEncodings = 0;
			knownRegions = (
				en,
				Base,
			);
			mainGroup = 464379E72A29B6D10009C0D7;
			packageReferences = (
				46437A212A29BF280009C0D7 /* XCRemoteSwiftPackageReference "firebase-ios-sdk" */,
				463F5F732A315C3600B77900 /* XCRemoteSwiftPackageReference "SpotifyAPI" */,
			);
			productRefGroup = 464379F12A29B6D10009C0D7 /* Products */;
			projectDirPath = "";
			projectRoot = "";
			targets = (
				464379EF2A29B6D10009C0D7 /* MUSAIC */,
			);
		};
/* End PBXProject section */

/* Begin PBXResourcesBuildPhase section */
		464379EE2A29B6D10009C0D7 /* Resources */ = {
			isa = PBXResourcesBuildPhase;
			buildActionMask = 2147483647;
			files = (
				463F5F722A315C0200B77900 /* GoogleService-Info.plist in Resources */,
				4652A71F2A3846230045F032 /* Assets.xcassets in Resources */,
			);
			runOnlyForDeploymentPostprocessing = 0;
		};
/* End PBXResourcesBuildPhase section */

/* Begin PBXSourcesBuildPhase section */
		464379EC2A29B6D10009C0D7 /* Sources */ = {
			isa = PBXSourcesBuildPhase;
			buildActionMask = 2147483647;
			files = (
				466EF15E2A342FBA00B2E5A0 /* SpotifySimilar.swift in Sources */,
				4627318B2A306C0500B43A15 /* GeneratedView.swift in Sources */,
				466EF15A2A342FBA00B2E5A0 /* ThoughtsTab.swift in Sources */,
				466EF1592A342FBA00B2E5A0 /* SettingsTab.swift in Sources */,
				466EF15D2A342FBA00B2E5A0 /* AlbumTab.swift in Sources */,
				466D0B8B2A2EC69A00BB260A /* GPTGenerate.swift in Sources */,
				462731912A30739400B43A15 /* SummaryModel.swift in Sources */,
				464379F42A29B6D10009C0D7 /* MUSAICApp.swift in Sources */,
				466EF1582A342FBA00B2E5A0 /* Navigation.swift in Sources */,
				463F5F702A315BE600B77900 /* SpotifyVerify.swift in Sources */,
				466EF16A2A34952700B2E5A0 /* ContentView.swift in Sources */,
				463F5F772A31611E00B77900 /* DALLEGenerate.swift in Sources */,
				466EF1682A344C0D00B2E5A0 /* SignInView.swift in Sources */,
			);
			runOnlyForDeploymentPostprocessing = 0;
		};
/* End PBXSourcesBuildPhase section */

/* Begin XCBuildConfiguration section */
		46437A122A29B6D20009C0D7 /* Debug */ = {
			isa = XCBuildConfiguration;
			buildSettings = {
				ALWAYS_SEARCH_USER_PATHS = NO;
				CLANG_ANALYZER_NONNULL = YES;
				CLANG_ANALYZER_NUMBER_OBJECT_CONVERSION = YES_AGGRESSIVE;
				CLANG_CXX_LANGUAGE_STANDARD = "gnu++20";
				CLANG_ENABLE_MODULES = YES;
				CLANG_ENABLE_OBJC_ARC = YES;
				CLANG_ENABLE_OBJC_WEAK = YES;
				CLANG_WARN_BLOCK_CAPTURE_AUTORELEASING = YES;
				CLANG_WARN_BOOL_CONVERSION = YES;
				CLANG_WARN_COMMA = YES;
				CLANG_WARN_CONSTANT_CONVERSION = YES;
				CLANG_WARN_DEPRECATED_OBJC_IMPLEMENTATIONS = YES;
				CLANG_WARN_DIRECT_OBJC_ISA_USAGE = YES_ERROR;
				CLANG_WARN_DOCUMENTATION_COMMENTS = YES;
				CLANG_WARN_EMPTY_BODY = YES;
				CLANG_WARN_ENUM_CONVERSION = YES;
				CLANG_WARN_INFINITE_RECURSION = YES;
				CLANG_WARN_INT_CONVERSION = YES;
				CLANG_WARN_NON_LITERAL_NULL_CONVERSION = YES;
				CLANG_WARN_OBJC_IMPLICIT_RETAIN_SELF = YES;
				CLANG_WARN_OBJC_LITERAL_CONVERSION = YES;
				CLANG_WARN_OBJC_ROOT_CLASS = YES_ERROR;
				CLANG_WARN_QUOTED_INCLUDE_IN_FRAMEWORK_HEADER = YES;
				CLANG_WARN_RANGE_LOOP_ANALYSIS = YES;
				CLANG_WARN_STRICT_PROTOTYPES = YES;
				CLANG_WARN_SUSPICIOUS_MOVE = YES;
				CLANG_WARN_UNGUARDED_AVAILABILITY = YES_AGGRESSIVE;
				CLANG_WARN_UNREACHABLE_CODE = YES;
				CLANG_WARN__DUPLICATE_METHOD_MATCH = YES;
				COPY_PHASE_STRIP = NO;
				DEBUG_INFORMATION_FORMAT = dwarf;
				ENABLE_STRICT_OBJC_MSGSEND = YES;
				ENABLE_TESTABILITY = YES;
				GCC_C_LANGUAGE_STANDARD = gnu11;
				GCC_DYNAMIC_NO_PIC = NO;
				GCC_NO_COMMON_BLOCKS = YES;
				GCC_OPTIMIZATION_LEVEL = 0;
				GCC_PREPROCESSOR_DEFINITIONS = (
					"DEBUG=1",
					"$(inherited)",
				);
				GCC_WARN_64_TO_32_BIT_CONVERSION = YES;
				GCC_WARN_ABOUT_RETURN_TYPE = YES_ERROR;
				GCC_WARN_UNDECLARED_SELECTOR = YES;
				GCC_WARN_UNINITIALIZED_AUTOS = YES_AGGRESSIVE;
				GCC_WARN_UNUSED_FUNCTION = YES;
				GCC_WARN_UNUSED_VARIABLE = YES;
				IPHONEOS_DEPLOYMENT_TARGET = 16.4;
				MTL_ENABLE_DEBUG_INFO = INCLUDE_SOURCE;
				MTL_FAST_MATH = YES;
				ONLY_ACTIVE_ARCH = YES;
				SDKROOT = iphoneos;
				SWIFT_ACTIVE_COMPILATION_CONDITIONS = DEBUG;
				SWIFT_OPTIMIZATION_LEVEL = "-Onone";
			};
			name = Debug;
		};
		46437A132A29B6D20009C0D7 /* Release */ = {
			isa = XCBuildConfiguration;
			buildSettings = {
				ALWAYS_SEARCH_USER_PATHS = NO;
				CLANG_ANALYZER_NONNULL = YES;
				CLANG_ANALYZER_NUMBER_OBJECT_CONVERSION = YES_AGGRESSIVE;
				CLANG_CXX_LANGUAGE_STANDARD = "gnu++20";
				CLANG_ENABLE_MODULES = YES;
				CLANG_ENABLE_OBJC_ARC = YES;
				CLANG_ENABLE_OBJC_WEAK = YES;
				CLANG_WARN_BLOCK_CAPTURE_AUTORELEASING = YES;
				CLANG_WARN_BOOL_CONVERSION = YES;
				CLANG_WARN_COMMA = YES;
				CLANG_WARN_CONSTANT_CONVERSION = YES;
				CLANG_WARN_DEPRECATED_OBJC_IMPLEMENTATIONS = YES;
				CLANG_WARN_DIRECT_OBJC_ISA_USAGE = YES_ERROR;
				CLANG_WARN_DOCUMENTATION_COMMENTS = YES;
				CLANG_WARN_EMPTY_BODY = YES;
				CLANG_WARN_ENUM_CONVERSION = YES;
				CLANG_WARN_INFINITE_RECURSION = YES;
				CLANG_WARN_INT_CONVERSION = YES;
				CLANG_WARN_NON_LITERAL_NULL_CONVERSION = YES;
				CLANG_WARN_OBJC_IMPLICIT_RETAIN_SELF = YES;
				CLANG_WARN_OBJC_LITERAL_CONVERSION = YES;
				CLANG_WARN_OBJC_ROOT_CLASS = YES_ERROR;
				CLANG_WARN_QUOTED_INCLUDE_IN_FRAMEWORK_HEADER = YES;
				CLANG_WARN_RANGE_LOOP_ANALYSIS = YES;
				CLANG_WARN_STRICT_PROTOTYPES = YES;
				CLANG_WARN_SUSPICIOUS_MOVE = YES;
				CLANG_WARN_UNGUARDED_AVAILABILITY = YES_AGGRESSIVE;
				CLANG_WARN_UNREACHABLE_CODE = YES;
				CLANG_WARN__DUPLICATE_METHOD_MATCH = YES;
				COPY_PHASE_STRIP = NO;
				DEBUG_INFORMATION_FORMAT = "dwarf-with-dsym";
				ENABLE_NS_ASSERTIONS = NO;
				ENABLE_STRICT_OBJC_MSGSEND = YES;
				GCC_C_LANGUAGE_STANDARD = gnu11;
				GCC_NO_COMMON_BLOCKS = YES;
				GCC_WARN_64_TO_32_BIT_CONVERSION = YES;
				GCC_WARN_ABOUT_RETURN_TYPE = YES_ERROR;
				GCC_WARN_UNDECLARED_SELECTOR = YES;
				GCC_WARN_UNINITIALIZED_AUTOS = YES_AGGRESSIVE;
				GCC_WARN_UNUSED_FUNCTION = YES;
				GCC_WARN_UNUSED_VARIABLE = YES;
				IPHONEOS_DEPLOYMENT_TARGET = 16.4;
				MTL_ENABLE_DEBUG_INFO = NO;
				MTL_FAST_MATH = YES;
				SDKROOT = iphoneos;
				SWIFT_COMPILATION_MODE = wholemodule;
				SWIFT_OPTIMIZATION_LEVEL = "-O";
				VALIDATE_PRODUCT = YES;
			};
			name = Release;
		};
		46437A152A29B6D20009C0D7 /* Debug */ = {
			isa = XCBuildConfiguration;
			buildSettings = {
				ASSETCATALOG_COMPILER_APPICON_NAME = AppIcon;
				ASSETCATALOG_COMPILER_GLOBAL_ACCENT_COLOR_NAME = AccentColor;
				CODE_SIGN_STYLE = Automatic;
				CURRENT_PROJECT_VERSION = 1;
				DEVELOPMENT_ASSET_PATHS = "\"MUSAIC/Preview Content\"";
				ENABLE_PREVIEWS = YES;
				GENERATE_INFOPLIST_FILE = YES;
				INFOPLIST_KEY_NSPhotoLibraryAddUsageDescription = "Save images to your photo library for offline access.";
				INFOPLIST_KEY_UIApplicationSceneManifest_Generation = YES;
				INFOPLIST_KEY_UIApplicationSupportsIndirectInputEvents = YES;
				INFOPLIST_KEY_UILaunchScreen_Generation = YES;
				INFOPLIST_KEY_UISupportedInterfaceOrientations_iPad = "UIInterfaceOrientationPortrait UIInterfaceOrientationPortraitUpsideDown UIInterfaceOrientationLandscapeLeft UIInterfaceOrientationLandscapeRight";
				INFOPLIST_KEY_UISupportedInterfaceOrientations_iPhone = "UIInterfaceOrientationPortrait UIInterfaceOrientationLandscapeLeft UIInterfaceOrientationLandscapeRight";
				LD_RUNPATH_SEARCH_PATHS = (
					"$(inherited)",
					"@executable_path/Frameworks",
				);
				MARKETING_VERSION = 1.0;
				PRODUCT_BUNDLE_IDENTIFIER = au.edu.uts.student.MUSAIC;
				PRODUCT_NAME = "$(TARGET_NAME)";
				SWIFT_EMIT_LOC_STRINGS = YES;
				SWIFT_VERSION = 5.0;
				TARGETED_DEVICE_FAMILY = "1,2";
			};
			name = Debug;
		};
		46437A162A29B6D20009C0D7 /* Release */ = {
			isa = XCBuildConfiguration;
			buildSettings = {
				ASSETCATALOG_COMPILER_APPICON_NAME = AppIcon;
				ASSETCATALOG_COMPILER_GLOBAL_ACCENT_COLOR_NAME = AccentColor;
				CODE_SIGN_STYLE = Automatic;
				CURRENT_PROJECT_VERSION = 1;
				DEVELOPMENT_ASSET_PATHS = "\"MUSAIC/Preview Content\"";
				ENABLE_PREVIEWS = YES;
				GENERATE_INFOPLIST_FILE = YES;
				INFOPLIST_KEY_NSPhotoLibraryAddUsageDescription = "Save images to your photo library for offline access.";
				INFOPLIST_KEY_UIApplicationSceneManifest_Generation = YES;
				INFOPLIST_KEY_UIApplicationSupportsIndirectInputEvents = YES;
				INFOPLIST_KEY_UILaunchScreen_Generation = YES;
				INFOPLIST_KEY_UISupportedInterfaceOrientations_iPad = "UIInterfaceOrientationPortrait UIInterfaceOrientationPortraitUpsideDown UIInterfaceOrientationLandscapeLeft UIInterfaceOrientationLandscapeRight";
				INFOPLIST_KEY_UISupportedInterfaceOrientations_iPhone = "UIInterfaceOrientationPortrait UIInterfaceOrientationLandscapeLeft UIInterfaceOrientationLandscapeRight";
				LD_RUNPATH_SEARCH_PATHS = (
					"$(inherited)",
					"@executable_path/Frameworks",
				);
				MARKETING_VERSION = 1.0;
				PRODUCT_BUNDLE_IDENTIFIER = au.edu.uts.student.MUSAIC;
				PRODUCT_NAME = "$(TARGET_NAME)";
				SWIFT_EMIT_LOC_STRINGS = YES;
				SWIFT_VERSION = 5.0;
				TARGETED_DEVICE_FAMILY = "1,2";
			};
			name = Release;
		};
/* End XCBuildConfiguration section */

/* Begin XCConfigurationList section */
		464379EB2A29B6D10009C0D7 /* Build configuration list for PBXProject "MUSAIC" */ = {
			isa = XCConfigurationList;
			buildConfigurations = (
				46437A122A29B6D20009C0D7 /* Debug */,
				46437A132A29B6D20009C0D7 /* Release */,
			);
			defaultConfigurationIsVisible = 0;
			defaultConfigurationName = Release;
		};
		46437A142A29B6D20009C0D7 /* Build configuration list for PBXNativeTarget "MUSAIC" */ = {
			isa = XCConfigurationList;
			buildConfigurations = (
				46437A152A29B6D20009C0D7 /* Debug */,
				46437A162A29B6D20009C0D7 /* Release */,
			);
			defaultConfigurationIsVisible = 0;
			defaultConfigurationName = Release;
		};
/* End XCConfigurationList section */

/* Begin XCRemoteSwiftPackageReference section */
		463F5F732A315C3600B77900 /* XCRemoteSwiftPackageReference "SpotifyAPI" */ = {
			isa = XCRemoteSwiftPackageReference;
			repositoryURL = "https://github.com/Peter-Schorn/SpotifyAPI.git";
			requirement = {
				kind = upToNextMajorVersion;
				minimumVersion = 2.0.0;
			};
		};
		46437A212A29BF280009C0D7 /* XCRemoteSwiftPackageReference "firebase-ios-sdk" */ = {
			isa = XCRemoteSwiftPackageReference;
			repositoryURL = "https://github.com/firebase/firebase-ios-sdk";
			requirement = {
				kind = upToNextMajorVersion;
				minimumVersion = 10.0.0;
			};
		};
/* End XCRemoteSwiftPackageReference section */

/* Begin XCSwiftPackageProductDependency section */
		463F5F742A315C3600B77900 /* SpotifyAPI */ = {
			isa = XCSwiftPackageProductDependency;
			package = 463F5F732A315C3600B77900 /* XCRemoteSwiftPackageReference "SpotifyAPI" */;
			productName = SpotifyAPI;
		};
		46437A222A29BF280009C0D7 /* FirebaseAnalytics */ = {
			isa = XCSwiftPackageProductDependency;
			package = 46437A212A29BF280009C0D7 /* XCRemoteSwiftPackageReference "firebase-ios-sdk" */;
			productName = FirebaseAnalytics;
		};
		46437A242A29BF280009C0D7 /* FirebaseAnalyticsOnDeviceConversion */ = {
			isa = XCSwiftPackageProductDependency;
			package = 46437A212A29BF280009C0D7 /* XCRemoteSwiftPackageReference "firebase-ios-sdk" */;
			productName = FirebaseAnalyticsOnDeviceConversion;
		};
		46437A262A29BF280009C0D7 /* FirebaseAnalyticsSwift */ = {
			isa = XCSwiftPackageProductDependency;
			package = 46437A212A29BF280009C0D7 /* XCRemoteSwiftPackageReference "firebase-ios-sdk" */;
			productName = FirebaseAnalyticsSwift;
		};
		46437A282A29BF280009C0D7 /* FirebaseAnalyticsWithoutAdIdSupport */ = {
			isa = XCSwiftPackageProductDependency;
			package = 46437A212A29BF280009C0D7 /* XCRemoteSwiftPackageReference "firebase-ios-sdk" */;
			productName = FirebaseAnalyticsWithoutAdIdSupport;
		};
		46437A2A2A29BF280009C0D7 /* FirebaseAppCheck */ = {
			isa = XCSwiftPackageProductDependency;
			package = 46437A212A29BF280009C0D7 /* XCRemoteSwiftPackageReference "firebase-ios-sdk" */;
			productName = FirebaseAppCheck;
		};
		46437A2C2A29BF280009C0D7 /* FirebaseAppDistribution-Beta */ = {
			isa = XCSwiftPackageProductDependency;
			package = 46437A212A29BF280009C0D7 /* XCRemoteSwiftPackageReference "firebase-ios-sdk" */;
			productName = "FirebaseAppDistribution-Beta";
		};
		46437A2E2A29BF280009C0D7 /* FirebaseAuth */ = {
			isa = XCSwiftPackageProductDependency;
			package = 46437A212A29BF280009C0D7 /* XCRemoteSwiftPackageReference "firebase-ios-sdk" */;
			productName = FirebaseAuth;
		};
		46437A302A29BF280009C0D7 /* FirebaseAuthCombine-Community */ = {
			isa = XCSwiftPackageProductDependency;
			package = 46437A212A29BF280009C0D7 /* XCRemoteSwiftPackageReference "firebase-ios-sdk" */;
			productName = "FirebaseAuthCombine-Community";
		};
		46437A322A29BF280009C0D7 /* FirebaseCrashlytics */ = {
			isa = XCSwiftPackageProductDependency;
			package = 46437A212A29BF280009C0D7 /* XCRemoteSwiftPackageReference "firebase-ios-sdk" */;
			productName = FirebaseCrashlytics;
		};
		46437A342A29BF280009C0D7 /* FirebaseDatabase */ = {
			isa = XCSwiftPackageProductDependency;
			package = 46437A212A29BF280009C0D7 /* XCRemoteSwiftPackageReference "firebase-ios-sdk" */;
			productName = FirebaseDatabase;
		};
		46437A362A29BF280009C0D7 /* FirebaseDatabaseSwift */ = {
			isa = XCSwiftPackageProductDependency;
			package = 46437A212A29BF280009C0D7 /* XCRemoteSwiftPackageReference "firebase-ios-sdk" */;
			productName = FirebaseDatabaseSwift;
		};
		46437A382A29BF280009C0D7 /* FirebaseDynamicLinks */ = {
			isa = XCSwiftPackageProductDependency;
			package = 46437A212A29BF280009C0D7 /* XCRemoteSwiftPackageReference "firebase-ios-sdk" */;
			productName = FirebaseDynamicLinks;
		};
		46437A3A2A29BF280009C0D7 /* FirebaseFirestore */ = {
			isa = XCSwiftPackageProductDependency;
			package = 46437A212A29BF280009C0D7 /* XCRemoteSwiftPackageReference "firebase-ios-sdk" */;
			productName = FirebaseFirestore;
		};
		46437A3C2A29BF280009C0D7 /* FirebaseFirestoreCombine-Community */ = {
			isa = XCSwiftPackageProductDependency;
			package = 46437A212A29BF280009C0D7 /* XCRemoteSwiftPackageReference "firebase-ios-sdk" */;
			productName = "FirebaseFirestoreCombine-Community";
		};
		46437A3E2A29BF280009C0D7 /* FirebaseFirestoreSwift */ = {
			isa = XCSwiftPackageProductDependency;
			package = 46437A212A29BF280009C0D7 /* XCRemoteSwiftPackageReference "firebase-ios-sdk" */;
			productName = FirebaseFirestoreSwift;
		};
		46437A402A29BF280009C0D7 /* FirebaseFunctions */ = {
			isa = XCSwiftPackageProductDependency;
			package = 46437A212A29BF280009C0D7 /* XCRemoteSwiftPackageReference "firebase-ios-sdk" */;
			productName = FirebaseFunctions;
		};
		46437A422A29BF280009C0D7 /* FirebaseFunctionsCombine-Community */ = {
			isa = XCSwiftPackageProductDependency;
			package = 46437A212A29BF280009C0D7 /* XCRemoteSwiftPackageReference "firebase-ios-sdk" */;
			productName = "FirebaseFunctionsCombine-Community";
		};
		46437A442A29BF280009C0D7 /* FirebaseInAppMessaging-Beta */ = {
			isa = XCSwiftPackageProductDependency;
			package = 46437A212A29BF280009C0D7 /* XCRemoteSwiftPackageReference "firebase-ios-sdk" */;
			productName = "FirebaseInAppMessaging-Beta";
		};
		46437A462A29BF280009C0D7 /* FirebaseInAppMessagingSwift-Beta */ = {
			isa = XCSwiftPackageProductDependency;
			package = 46437A212A29BF280009C0D7 /* XCRemoteSwiftPackageReference "firebase-ios-sdk" */;
			productName = "FirebaseInAppMessagingSwift-Beta";
		};
		46437A482A29BF280009C0D7 /* FirebaseInstallations */ = {
			isa = XCSwiftPackageProductDependency;
			package = 46437A212A29BF280009C0D7 /* XCRemoteSwiftPackageReference "firebase-ios-sdk" */;
			productName = FirebaseInstallations;
		};
		46437A4A2A29BF280009C0D7 /* FirebaseMLModelDownloader */ = {
			isa = XCSwiftPackageProductDependency;
			package = 46437A212A29BF280009C0D7 /* XCRemoteSwiftPackageReference "firebase-ios-sdk" */;
			productName = FirebaseMLModelDownloader;
		};
		466EF16C2A3497B900B2E5A0 /* FirebaseStorage */ = {
			isa = XCSwiftPackageProductDependency;
			package = 46437A212A29BF280009C0D7 /* XCRemoteSwiftPackageReference "firebase-ios-sdk" */;
			productName = FirebaseStorage;
		};
		466EF16E2A3497B900B2E5A0 /* FirebaseStorageCombine-Community */ = {
			isa = XCSwiftPackageProductDependency;
			package = 46437A212A29BF280009C0D7 /* XCRemoteSwiftPackageReference "firebase-ios-sdk" */;
			productName = "FirebaseStorageCombine-Community";
		};
/* End XCSwiftPackageProductDependency section */
	};
	rootObject = 464379E82A29B6D10009C0D7 /* Project object */;
}
